
Microsoft Visual Studio Solution File, Format Version 12.00
# Visual Studio 14
VisualStudioVersion = 14.0.25420.1
MinimumVisualStudioVersion = 10.0.40219.1
Project("{FAE04EC0-301F-11D3-BF4B-00C04F79EFBC}") = "Indicadores", "Indicadores\Indicadores.csproj", "{0C17B604-ED31-4AC0-89E7-9112C16FE406}"
EndProject
Project("{FAE04EC0-301F-11D3-BF4B-00C04F79EFBC}") = "Rendimento.Layout", "..\Rendimento.Layout\Rendimento.Layout\Rendimento.Layout.csproj", "{0995946C-6732-4149-A0DE-E8AD0BFB5383}"
EndProject
Global
	GlobalSection(SolutionConfigurationPlatforms) = preSolution
		Debug|Any CPU = Debug|Any CPU
		Release|Any CPU = Release|Any CPU
	EndGlobalSection
	GlobalSection(ProjectConfigurationPlatforms) = postSolution
		{0C17B604-ED31-4AC0-89E7-9112C16FE406}.Debug|Any CPU.ActiveCfg = Debug|Any CPU
		{0C17B604-ED31-4AC0-89E7-9112C16FE406}.Debug|Any CPU.Build.0 = Debug|Any CPU
		{0C17B604-ED31-4AC0-89E7-9112C16FE406}.Release|Any CPU.ActiveCfg = Release|Any CPU
		{0C17B604-ED31-4AC0-89E7-9112C16FE406}.Release|Any CPU.Build.0 = Release|Any CPU
		{0995946C-6732-4149-A0DE-E8AD0BFB5383}.Debug|Any CPU.ActiveCfg = Debug|Any CPU
		{0995946C-6732-4149-A0DE-E8AD0BFB5383}.Debug|Any CPU.Build.0 = Debug|Any CPU
		{0995946C-6732-4149-A0DE-E8AD0BFB5383}.Release|Any CPU.ActiveCfg = Release|Any CPU
		{0995946C-6732-4149-A0DE-E8AD0BFB5383}.Release|Any CPU.Build.0 = Release|Any CPU
	EndGlobalSection
	GlobalSection(SolutionProperties) = preSolution
		HideSolutionNode = FALSE
	EndGlobalSection
EndGlobal
